
Microsoft Visual Studio Solution File, Format Version 12.00
# Visual Studio Version 16
VisualStudioVersion = 16.0.30611.23
MinimumVisualStudioVersion = 10.0.40219.1
Project("{9A19103F-16F7-4668-BE54-9A1E7A4F7556}") = "GrpcGreeterClient", "GrpcGreeterClient.csproj", "{D8031F2F-D871-4801-8973-36628AEDFD49}"
EndProject
Global
	GlobalSection(SolutionConfigurationPlatforms) = preSolution
		Debug|Any CPU = Debug|Any CPU
		Release|Any CPU = Release|Any CPU
	EndGlobalSection
	GlobalSection(ProjectConfigurationPlatforms) = postSolution
		{D8031F2F-D871-4801-8973-36628AEDFD49}.Debug|Any CPU.ActiveCfg = Debug|Any CPU
		{D8031F2F-D871-4801-8973-36628AEDFD49}.Debug|Any CPU.Build.0 = Debug|Any CPU
		{D8031F2F-D871-4801-8973-36628AEDFD49}.Release|Any CPU.ActiveCfg = Release|Any CPU
		{D8031F2F-D871-4801-8973-36628AEDFD49}.Release|Any CPU.Build.0 = Release|Any CPU
	EndGlobalSection
	GlobalSection(SolutionProperties) = preSolution
		HideSolutionNode = FALSE
	EndGlobalSection
	GlobalSection(ExtensibilityGlobals) = postSolution
		SolutionGuid = {6203384E-93A0-48A0-973C-2BC9F65E1528}
	EndGlobalSection
EndGlobal
